
Microsoft Visual Studio Solution File, Format Version 12.00
# Visual Studio 15
Project("{FAE04EC0-301F-11D3-BF4B-00C04F79EFBC}") = "Brandstofkost", "Brandstofkost\Brandstofkost.csproj", "{1050A3F8-EE77-4572-B58B-E7A64F469B3C}"
EndProject
Global
	GlobalSection(SolutionConfigurationPlatforms) = preSolution
		Debug|anycpu = Debug|anycpu
		Release|anycpu = Release|anycpu
	EndGlobalSection
	GlobalSection(ProjectConfigurationPlatforms) = postSolution
		{1050A3F8-EE77-4572-B58B-E7A64F469B3C}.Debug|anycpu.ActiveCfg = Debug|anycpu
		{1050A3F8-EE77-4572-B58B-E7A64F469B3C}.Debug|anycpu.Build.0 = Debug|anycpu
		{1050A3F8-EE77-4572-B58B-E7A64F469B3C}.Release|anycpu.ActiveCfg = Release|anycpu
		{1050A3F8-EE77-4572-B58B-E7A64F469B3C}.Release|anycpu.Build.0 = Release|anycpu
	EndGlobalSection
EndGlobal
